{"SurveyEntry":{"SurveyID":"SV_e5JcwmEb0HhEpBs","SurveyName":"Control","SurveyDescription":null,"SurveyOwnerID":"UR_1BVOjkoUhHUV53j","SurveyBrandID":"qfreeaccountssjc1","DivisionID":"DV_85JEoDyVrGAdPhj","SurveyLanguage":"EN","SurveyActiveResponseSet":"RS_eQfdzuaCwIuYKlo","SurveyStatus":"Inactive","SurveyStartDate":"0000-00-00 00:00:00","SurveyExpirationDate":"0000-00-00 00:00:00","SurveyCreationDate":"2024-09-02 10:25:18","CreatorID":"UR_1BVOjkoUhHUV53j","LastModified":"2024-09-02 13:25:43","LastAccessed":"0000-00-00 00:00:00","LastActivated":"2024-09-02 13:20:36","Deleted":null},"SurveyElements":[{"SurveyID":"SV_e5JcwmEb0HhEpBs","Element":"BL","PrimaryAttribute":"Survey Blocks","SecondaryAttribute":null,"TertiaryAttribute":null,"Payload":[{"Type":"Default","Description":"Default Question Block","ID":"BL_0GH9BspVx726Loa","BlockElements":[{"Type":"Question","QuestionID":"QID1"},{"Type":"Question","QuestionID":"QID2"},{"Type":"Question","QuestionID":"QID11"},{"Type":"Question","QuestionID":"QID4"},{"Type":"Question","QuestionID":"QID5"},{"Type":"Question","QuestionID":"QID6"},{"Type":"Question","QuestionID":"QID7"},{"Type":"Question","QuestionID":"QID8"},{"Type":"Question","QuestionID":"QID9"},{"Type":"Question","QuestionID":"QID10"}]},{"Type":"Trash","Description":"Trash \/ Unused Questions","ID":"BL_diYNOfgXOxL3upE","BlockElements":[{"Type":"Question","QuestionID":"QID3"}],"Options":{"BlockLocking":"false","RandomizeQuestions":"false","BlockVisibility":"Collapsed"}}]},{"SurveyID":"SV_e5JcwmEb0HhEpBs","Element":"FL","PrimaryAttribute":"Survey Flow","SecondaryAttribute":null,"TertiaryAttribute":null,"Payload":{"Flow":[{"ID":"BL_0GH9BspVx726Loa","Type":"Block","FlowID":"FL_2"}],"Properties":{"Count":2},"FlowID":"FL_1","Type":"Root"}},{"SurveyID":"SV_e5JcwmEb0HhEpBs","Element":"PL","PrimaryAttribute":"Preview Link","SecondaryAttribute":null,"TertiaryAttribute":null,"Payload":{"PreviewType":"Brand","PreviewID":"188f44a2-3fc4-4ece-b3f3-9279ce1e5afb"}},{"SurveyID":"SV_e5JcwmEb0HhEpBs","Element":"SO","PrimaryAttribute":"Survey Options","SecondaryAttribute":null,"TertiaryAttribute":null,"Payload":{"BackButton":"false","SaveAndContinue":"true","SurveyProtection":"PublicSurvey","BallotBoxStuffingPrevention":"false","NoIndex":"Yes","SecureResponseFiles":"true","SurveyExpiration":"None","SurveyTermination":"DefaultMessage","Header":"","Footer":"","ProgressBarDisplay":"None","PartialData":"+1 week","ValidationMessage":null,"PreviousButton":"","NextButton":"","SurveyTitle":"Qualtrics Survey | Qualtrics Experience Management","SkinLibrary":"qfreeaccountssjc1","SkinType":"component","Skin":{"brandingId":null,"templateId":"*simple","overrides":null},"NewScoring":1,"SurveyMetaDescription":"The most powerful, simple and trusted way to gather experience data. Start your journey to experience management and try a free account today.","EOSMessage":null,"ShowExportTags":"true","CollectGeoLocation":"false","PasswordProtection":"No","AnonymizeResponse":"No","RefererCheck":"No","UseCustomSurveyLinkCompletedMessage":null,"SurveyLinkCompletedMessage":null,"SurveyLinkCompletedMessageLibrary":null,"ResponseSummary":"No","EOSMessageLibrary":null,"EOSRedirectURL":null,"EmailThankYou":"false","ThankYouEmailMessageLibrary":null,"ThankYouEmailMessage":null,"ValidateMessage":"false","ValidationMessageLibrary":null,"InactiveSurvey":"DefaultMessage","PartialDeletion":null,"PartialDataCloseAfter":"LastActivity","InactiveMessageLibrary":null,"InactiveMessage":null,"AvailableLanguages":{"EN":[]},"CustomStyles":[]}},{"SurveyID":"SV_e5JcwmEb0HhEpBs","Element":"SCO","PrimaryAttribute":"Scoring","SecondaryAttribute":null,"TertiaryAttribute":null,"Payload":{"ScoringCategories":[],"ScoringCategoryGroups":[],"ScoringSummaryCategory":null,"ScoringSummaryAfterQuestions":0,"ScoringSummaryAfterSurvey":0,"DefaultScoringCategory":null,"AutoScoringCategory":null}},{"SurveyID":"SV_e5JcwmEb0HhEpBs","Element":"PROJ","PrimaryAttribute":"CORE","SecondaryAttribute":null,"TertiaryAttribute":"1.1.0","Payload":{"ProjectCategory":"CORE","SchemaVersion":"1.1.0"}},{"SurveyID":"SV_e5JcwmEb0HhEpBs","Element":"STAT","PrimaryAttribute":"Survey Statistics","SecondaryAttribute":null,"TertiaryAttribute":null,"Payload":{"MobileCompatible":true,"ID":"Survey Statistics"}},{"SurveyID":"SV_e5JcwmEb0HhEpBs","Element":"QC","PrimaryAttribute":"Survey Question Count","SecondaryAttribute":"11","TertiaryAttribute":null,"Payload":null},{"SurveyID":"SV_e5JcwmEb0HhEpBs","Element":"RS","PrimaryAttribute":"RS_eQfdzuaCwIuYKlo","SecondaryAttribute":"Default Response Set","TertiaryAttribute":null,"Payload":null},{"SurveyID":"SV_e5JcwmEb0HhEpBs","Element":"SQ","PrimaryAttribute":"QID3","SecondaryAttribute":"How comfortable did you feel during the interaction with the chatbot?","TertiaryAttribute":null,"Payload":{"QuestionText":"How comfortable did you feel during the interaction with the chatbot?","DefaultChoices":false,"DataExportTag":"Q3","QuestionType":"MC","Selector":"SAVR","SubSelector":"TX","DataVisibility":{"Private":false,"Hidden":false},"Configuration":{"QuestionDescriptionOption":"UseText"},"QuestionDescription":"How comfortable did you feel during the interaction with the chatbot?","Choices":{"1":{"Display":"Not at all relevant"},"2":{"Display":"Slightly relevant"},"3":{"Display":"Moderately relevant"},"4":{"Display":"Mostly relevant"},"5":{"Display":"Very relevant"}},"ChoiceOrder":[1,2,3,4,5],"Validation":{"Settings":{"ForceResponse":"ON","ForceResponseType":"ON","Type":"None"}},"GradingData":[],"Language":[],"NextChoiceId":6,"NextAnswerId":1,"QuestionID":"QID3"}},{"SurveyID":"SV_e5JcwmEb0HhEpBs","Element":"SQ","PrimaryAttribute":"QID11","SecondaryAttribute":"How comfortable did you feel during the interaction with the chatbot?","TertiaryAttribute":null,"Payload":{"QuestionText":"How comfortable did you feel during the interaction with the chatbot?","DataExportTag":"Q3","QuestionType":"MC","Selector":"SAVR","SubSelector":"TX","DataVisibility":{"Private":false,"Hidden":false},"Configuration":{"QuestionDescriptionOption":"UseText"},"QuestionDescription":"How comfortable did you feel during the interaction with the chatbot?","Choices":{"1":{"Display":"Very uncomfortable"},"2":{"Display":"Uncomfortable"},"3":{"Display":"Neutral"},"4":{"Display":"Comfortable"},"5":{"Display":"Very comfortable"}},"ChoiceOrder":[1,2,3,4,5],"Validation":{"Settings":{"ForceResponse":"ON","ForceResponseType":"ON","Type":"None"}},"Language":[],"NextChoiceId":6,"NextAnswerId":1,"QuestionID":"QID11"}},{"SurveyID":"SV_e5JcwmEb0HhEpBs","Element":"SQ","PrimaryAttribute":"QID4","SecondaryAttribute":"How engaging did you find the conversation with the chatbot?","TertiaryAttribute":null,"Payload":{"QuestionText":"How engaging did you find the conversation with the chatbot?","DefaultChoices":false,"DataExportTag":"Q4","QuestionType":"MC","Selector":"SAVR","SubSelector":"TX","DataVisibility":{"Private":false,"Hidden":false},"Configuration":{"QuestionDescriptionOption":"UseText"},"QuestionDescription":"How engaging did you find the conversation with the chatbot?","Choices":{"1":{"Display":"Not at all engaging"},"2":{"Display":"Slightly engaging"},"3":{"Display":"Moderately engaging"},"4":{"Display":"Quite engaging"},"5":{"Display":"Very engaging"}},"ChoiceOrder":[1,2,3,4,5],"Validation":{"Settings":{"ForceResponse":"ON","ForceResponseType":"ON","Type":"None"}},"GradingData":[],"Language":[],"NextChoiceId":6,"NextAnswerId":1,"QuestionID":"QID4"}},{"SurveyID":"SV_e5JcwmEb0HhEpBs","Element":"SQ","PrimaryAttribute":"QID9","SecondaryAttribute":"How likely are you to use a similar chatbot in the future based on this experience?","TertiaryAttribute":null,"Payload":{"QuestionText":"How likely are you to use a similar chatbot in the future based on this experience?","DefaultChoices":false,"DataExportTag":"Q9","QuestionType":"MC","Selector":"SAVR","SubSelector":"TX","DataVisibility":{"Private":false,"Hidden":false},"Configuration":{"QuestionDescriptionOption":"UseText"},"QuestionDescription":"How likely are you to use a similar chatbot in the future based on this experience?","Choices":{"1":{"Display":"Very unlikely"},"2":{"Display":"Unlikely"},"3":{"Display":"Neutral"},"4":{"Display":"Likely"},"5":{"Display":"Very likely"}},"ChoiceOrder":[1,2,3,4,5],"Validation":{"Settings":{"ForceResponse":"ON","ForceResponseType":"ON","Type":"None"}},"GradingData":[],"Language":[],"NextChoiceId":6,"NextAnswerId":1,"QuestionID":"QID9"}},{"SurveyID":"SV_e5JcwmEb0HhEpBs","Element":"SQ","PrimaryAttribute":"QID1","SecondaryAttribute":"How much did you trust the chatbot during your interaction?","TertiaryAttribute":null,"Payload":{"QuestionText":"How much did you trust the chatbot during your interaction?","DataExportTag":"Q1","QuestionType":"MC","Selector":"SAVR","SubSelector":"TX","DataVisibility":{"Private":false,"Hidden":false},"Configuration":{"QuestionDescriptionOption":"UseText"},"QuestionDescription":"How much did you trust the chatbot during your interaction?","Choices":{"1":{"Display":"Not at all"},"2":{"Display":"Slightly"},"3":{"Display":"Moderately"},"4":{"Display":"Very much"},"5":{"Display":"Completely"}},"ChoiceOrder":[1,2,3,4,5],"Validation":{"Settings":{"ForceResponse":"ON","ForceResponseType":"ON","Type":"None"}},"Language":[],"NextChoiceId":6,"NextAnswerId":1,"QuestionID":"QID1"}},{"SurveyID":"SV_e5JcwmEb0HhEpBs","Element":"SQ","PrimaryAttribute":"QID8","SecondaryAttribute":"How would you describe the overall tone of the chatbot\u2019s responses?","TertiaryAttribute":null,"Payload":{"QuestionText":"How would you describe the overall tone of the chatbot\u2019s responses?","DefaultChoices":false,"DataExportTag":"Q8","QuestionType":"MC","Selector":"SAVR","SubSelector":"TX","DataVisibility":{"Private":false,"Hidden":false},"Configuration":{"QuestionDescriptionOption":"UseText"},"QuestionDescription":"How would you describe the overall tone of the chatbot\u2019s responses?","Choices":{"1":{"Display":"Very impersonal"},"2":{"Display":"Impersonal"},"3":{"Display":"Neutral"},"4":{"Display":"Personable"},"5":{"Display":"Very personable"}},"ChoiceOrder":[1,2,3,4,5],"Validation":{"Settings":{"ForceResponse":"ON","ForceResponseType":"ON","Type":"None"}},"GradingData":[],"Language":[],"NextChoiceId":6,"NextAnswerId":1,"QuestionID":"QID8"}},{"SurveyID":"SV_e5JcwmEb0HhEpBs","Element":"SQ","PrimaryAttribute":"QID6","SecondaryAttribute":"How would you rate the chatbot\u2019s ability to understand your inputs?","TertiaryAttribute":null,"Payload":{"QuestionText":"How would you rate the chatbot\u2019s ability to understand your inputs?","DefaultChoices":false,"DataExportTag":"Q6","QuestionType":"MC","Selector":"SAVR","SubSelector":"TX","DataVisibility":{"Private":false,"Hidden":false},"Configuration":{"QuestionDescriptionOption":"UseText"},"QuestionDescription":"How would you rate the chatbot\u2019s ability to understand your inputs?","Choices":{"1":{"Display":"Poor understanding"},"2":{"Display":"Fair understanding"},"3":{"Display":"Good understanding"},"4":{"Display":"Very good understanding"},"5":{"Display":"Excellent understanding"}},"ChoiceOrder":[1,2,3,4,5],"Validation":{"Settings":{"ForceResponse":"ON","ForceResponseType":"ON","Type":"None"}},"GradingData":[],"Language":[],"NextChoiceId":6,"NextAnswerId":1,"QuestionID":"QID6"}},{"SurveyID":"SV_e5JcwmEb0HhEpBs","Element":"SQ","PrimaryAttribute":"QID10","SecondaryAttribute":"Is there anything else you'd like to share about your interaction with the chatbot?","TertiaryAttribute":null,"Payload":{"QuestionText":"Is there anything else you'd like to share about your interaction with the chatbot?","DefaultChoices":false,"DataExportTag":"Q10","QuestionType":"TE","Selector":"ML","DataVisibility":{"Private":false,"Hidden":false},"Configuration":{"QuestionDescriptionOption":"UseText"},"QuestionDescription":"Is there anything else you'd like to share about your interaction with the chatbot?","Validation":{"Settings":{"ForceResponse":"ON","ForceResponseType":"ON","Type":"AITextAnalysis","AITextAnalysis":{"Checks":[{"Type":"Partial","Messages":"default"},{"Type":"OverlyGeneralized","Messages":"default"},{"Type":"NonInsightful","Messages":"default"},{"Type":"InsufficientDetail","Messages":"default"},{"Type":"Gibberish","Messages":"default"}]}}},"GradingData":[],"Language":[],"NextChoiceId":4,"NextAnswerId":1,"SearchSource":{"AllowFreeResponse":"false"},"QuestionID":"QID10"}},{"SurveyID":"SV_e5JcwmEb0HhEpBs","Element":"SQ","PrimaryAttribute":"QID5","SecondaryAttribute":"Overall, how satisfied are you with your interaction with the chatbot?","TertiaryAttribute":null,"Payload":{"QuestionText":"Overall, how satisfied are you with your interaction with the chatbot?","DefaultChoices":false,"DataExportTag":"Q5","QuestionType":"MC","Selector":"SAVR","SubSelector":"TX","DataVisibility":{"Private":false,"Hidden":false},"Configuration":{"QuestionDescriptionOption":"UseText"},"QuestionDescription":"Overall, how satisfied are you with your interaction with the chatbot?","Choices":{"1":{"Display":"Very dissatisfied"},"2":{"Display":"Dissatisfied"},"3":{"Display":"Neutral"},"4":{"Display":"Satisfied"},"5":{"Display":"Very satisfied"}},"ChoiceOrder":[1,2,3,4,5],"Validation":{"Settings":{"ForceResponse":"ON","ForceResponseType":"ON","Type":"None"}},"GradingData":[],"Language":[],"NextChoiceId":6,"NextAnswerId":1,"QuestionID":"QID5"}},{"SurveyID":"SV_e5JcwmEb0HhEpBs","Element":"SQ","PrimaryAttribute":"QID7","SecondaryAttribute":"To what extent did you feel the chatbot was trying to influence your opinions or decisions?","TertiaryAttribute":null,"Payload":{"QuestionText":"To what extent did you feel the chatbot was trying to influence your opinions or decisions?","DefaultChoices":false,"DataExportTag":"Q7","QuestionType":"MC","Selector":"SAVR","SubSelector":"TX","DataVisibility":{"Private":false,"Hidden":false},"Configuration":{"QuestionDescriptionOption":"UseText"},"QuestionDescription":"To what extent did you feel the chatbot was trying to influence your opinions or decisions?","Choices":{"1":{"Display":"Not at all influential"},"2":{"Display":"Slightly influential"},"3":{"Display":"Moderately influential"},"4":{"Display":"Very influential"},"5":{"Display":"Extremely influential"}},"ChoiceOrder":[1,2,3,4,5],"Validation":{"Settings":{"ForceResponse":"ON","ForceResponseType":"ON","Type":"None"}},"GradingData":[],"Language":[],"NextChoiceId":6,"NextAnswerId":1,"QuestionID":"QID7"}},{"SurveyID":"SV_e5JcwmEb0HhEpBs","Element":"SQ","PrimaryAttribute":"QID2","SecondaryAttribute":"To what extent did you perceive the chatbot\u2019s responses as neutral?","TertiaryAttribute":null,"Payload":{"QuestionText":"To what extent did you perceive the chatbot\u2019s responses as neutral?","DataExportTag":"Q2","QuestionType":"MC","Selector":"SAVR","SubSelector":"TX","DataVisibility":{"Private":false,"Hidden":false},"Configuration":{"QuestionDescriptionOption":"UseText"},"QuestionDescription":"To what extent did you perceive the chatbot\u2019s responses as neutral?","Choices":{"1":{"Display":"Very biased"},"2":{"Display":"Somewhat biased"},"3":{"Display":"Neutral"},"4":{"Display":"Mostly neutral"},"5":{"Display":"Completely neutral"}},"ChoiceOrder":[1,2,3,4,5],"Validation":{"Settings":{"ForceResponse":"ON","ForceResponseType":"ON","Type":"None"}},"Language":[],"NextChoiceId":6,"NextAnswerId":1,"QuestionID":"QID2"}}]}