{"SurveyEntry":{"SurveyID":"SV_3OtqRzQlztDavd4","SurveyName":"Entry Questionnaire","SurveyDescription":null,"SurveyOwnerID":"UR_1BVOjkoUhHUV53j","SurveyBrandID":"qfreeaccountssjc1","DivisionID":"DV_85JEoDyVrGAdPhj","SurveyLanguage":"EN","SurveyActiveResponseSet":"RS_aWQI2ONB0NtAp3U","SurveyStatus":"Inactive","SurveyStartDate":"0000-00-00 00:00:00","SurveyExpirationDate":"0000-00-00 00:00:00","SurveyCreationDate":"2024-09-02 05:51:09","CreatorID":"UR_1BVOjkoUhHUV53j","LastModified":"2024-09-02 13:25:34","LastAccessed":"0000-00-00 00:00:00","LastActivated":"2024-09-02 13:18:36","Deleted":null},"SurveyElements":[{"SurveyID":"SV_3OtqRzQlztDavd4","Element":"BL","PrimaryAttribute":"Survey Blocks","SecondaryAttribute":null,"TertiaryAttribute":null,"Payload":[{"Type":"Default","Description":"Default Question Block","ID":"BL_eJRsRGqrF8GbGUC","BlockElements":[{"Type":"Question","QuestionID":"QID1"},{"Type":"Question","QuestionID":"QID2"},{"Type":"Question","QuestionID":"QID3"},{"Type":"Question","QuestionID":"QID4"},{"Type":"Question","QuestionID":"QID5"},{"Type":"Question","QuestionID":"QID6"},{"Type":"Question","QuestionID":"QID7"},{"Type":"Question","QuestionID":"QID8"},{"Type":"Question","QuestionID":"QID9"},{"Type":"Question","QuestionID":"QID10"}]},{"Type":"Trash","Description":"Trash \/ Unused Questions","ID":"BL_bsiue6RKdpD1YRo"}]},{"SurveyID":"SV_3OtqRzQlztDavd4","Element":"FL","PrimaryAttribute":"Survey Flow","SecondaryAttribute":null,"TertiaryAttribute":null,"Payload":{"Flow":[{"ID":"BL_eJRsRGqrF8GbGUC","Type":"Block","FlowID":"FL_2"}],"Properties":{"Count":2},"FlowID":"FL_1","Type":"Root"}},{"SurveyID":"SV_3OtqRzQlztDavd4","Element":"PL","PrimaryAttribute":"Preview Link","SecondaryAttribute":null,"TertiaryAttribute":null,"Payload":{"PreviewType":"Brand","PreviewID":"d2fa7670-c50c-47b1-b827-d7ccd31bc44f"}},{"SurveyID":"SV_3OtqRzQlztDavd4","Element":"SO","PrimaryAttribute":"Survey Options","SecondaryAttribute":null,"TertiaryAttribute":null,"Payload":{"BackButton":"false","SaveAndContinue":"true","SurveyProtection":"PublicSurvey","BallotBoxStuffingPrevention":"false","NoIndex":"Yes","SecureResponseFiles":"true","SurveyExpiration":"None","SurveyTermination":"DefaultMessage","Header":"","Footer":"","ProgressBarDisplay":"VerboseText","PartialData":"+1 week","ValidationMessage":null,"PreviousButton":"","NextButton":"","SurveyTitle":"Qualtrics Survey | Qualtrics Experience Management","SkinLibrary":"qfreeaccountssjc1","SkinType":"component","Skin":{"brandingId":null,"templateId":"*simple","overrides":null},"NewScoring":1,"SurveyMetaDescription":"The most powerful, simple and trusted way to gather experience data. Start your journey to experience management and try a free account today.","SurveyName":"Entry Questionnaire","EOSMessage":null,"ShowExportTags":"true","CollectGeoLocation":"false","PasswordProtection":"No","AnonymizeResponse":"No","RefererCheck":"No","UseCustomSurveyLinkCompletedMessage":null,"SurveyLinkCompletedMessage":null,"SurveyLinkCompletedMessageLibrary":null,"ResponseSummary":"No","EOSMessageLibrary":null,"EOSRedirectURL":null,"EmailThankYou":"false","ThankYouEmailMessageLibrary":null,"ThankYouEmailMessage":null,"ValidateMessage":"false","ValidationMessageLibrary":null,"InactiveSurvey":"DefaultMessage","PartialDeletion":null,"PartialDataCloseAfter":"LastActivity","InactiveMessageLibrary":null,"InactiveMessage":null,"AvailableLanguages":{"EN":[]},"CustomStyles":[]}},{"SurveyID":"SV_3OtqRzQlztDavd4","Element":"SCO","PrimaryAttribute":"Scoring","SecondaryAttribute":null,"TertiaryAttribute":null,"Payload":{"ScoringCategories":[],"ScoringCategoryGroups":[],"ScoringSummaryCategory":null,"ScoringSummaryAfterQuestions":0,"ScoringSummaryAfterSurvey":0,"DefaultScoringCategory":null,"AutoScoringCategory":null}},{"SurveyID":"SV_3OtqRzQlztDavd4","Element":"PROJ","PrimaryAttribute":"CORE","SecondaryAttribute":null,"TertiaryAttribute":"1.1.0","Payload":{"ProjectCategory":"CORE","SchemaVersion":"1.1.0"}},{"SurveyID":"SV_3OtqRzQlztDavd4","Element":"STAT","PrimaryAttribute":"Survey Statistics","SecondaryAttribute":null,"TertiaryAttribute":null,"Payload":{"MobileCompatible":true,"ID":"Survey Statistics"}},{"SurveyID":"SV_3OtqRzQlztDavd4","Element":"QC","PrimaryAttribute":"Survey Question Count","SecondaryAttribute":"10","TertiaryAttribute":null,"Payload":null},{"SurveyID":"SV_3OtqRzQlztDavd4","Element":"SQ","PrimaryAttribute":"QID1","SecondaryAttribute":"Age","TertiaryAttribute":null,"Payload":{"QuestionText":"Age","DataExportTag":"Q1","QuestionType":"MC","Selector":"DL","DataVisibility":{"Private":false,"Hidden":false},"Configuration":{"QuestionDescriptionOption":"UseText"},"QuestionDescription":"Age","Choices":{"1":{"Display":"18-24"},"2":{"Display":"25-34"},"3":{"Display":"35-44"},"4":{"Display":"45-54"},"5":{"Display":"55-64"},"6":{"Display":"65+"}},"ChoiceOrder":[1,2,3,4,5,6],"Validation":{"Settings":{"ForceResponse":"ON","ForceResponseType":"ON","Type":"None"}},"Language":[],"NextChoiceId":7,"NextAnswerId":1,"QuestionID":"QID1"}},{"SurveyID":"SV_3OtqRzQlztDavd4","Element":"RS","PrimaryAttribute":"RS_aWQI2ONB0NtAp3U","SecondaryAttribute":"Default Response Set","TertiaryAttribute":null,"Payload":null},{"SurveyID":"SV_3OtqRzQlztDavd4","Element":"SQ","PrimaryAttribute":"QID2","SecondaryAttribute":"Gender","TertiaryAttribute":null,"Payload":{"QuestionText":"Gender","DefaultChoices":false,"DataExportTag":"Q2","QuestionType":"MC","Selector":"SAVR","SubSelector":"TX","DataVisibility":{"Private":false,"Hidden":false},"Configuration":{"QuestionDescriptionOption":"UseText","Autoscale":{"YScale":{"Name":"maleFemale","Type":"likert","Reverse":false}}},"QuestionDescription":"Gender","Choices":{"1":{"Display":"Male"},"2":{"Display":"Female"},"3":{"Display":"Non-binary \/ third gender"},"4":{"Display":"Prefer not to say"}},"ChoiceOrder":["1","2","3","4"],"Validation":{"Settings":{"ForceResponse":"ON","ForceResponseType":"ON","Type":"None"}},"GradingData":[],"Language":[],"NextChoiceId":5,"NextAnswerId":1,"QuestionID":"QID2"}},{"SurveyID":"SV_3OtqRzQlztDavd4","Element":"SQ","PrimaryAttribute":"QID10","SecondaryAttribute":"Have you ever felt manipulated by an online interaction?","TertiaryAttribute":null,"Payload":{"QuestionText":"Have you ever felt manipulated by an online interaction?","DefaultChoices":false,"DataExportTag":"Q10","QuestionType":"MC","Selector":"SAVR","SubSelector":"TX","DataVisibility":{"Private":false,"Hidden":false},"Configuration":{"QuestionDescriptionOption":"UseText","Autoscale":{"YScale":{"Name":"yesNo","Type":"likert","Reverse":false}}},"QuestionDescription":"Have you ever felt manipulated by an online interaction?","Choices":{"1":{"Display":"No"},"2":{"Display":"Yes"}},"ChoiceOrder":[1,2],"Validation":{"Settings":{"ForceResponse":"ON","ForceResponseType":"ON","Type":"None"}},"GradingData":[],"Language":[],"NextChoiceId":3,"NextAnswerId":1,"QuestionID":"QID10"}},{"SurveyID":"SV_3OtqRzQlztDavd4","Element":"SQ","PrimaryAttribute":"QID3","SecondaryAttribute":"Highest level of education","TertiaryAttribute":null,"Payload":{"QuestionText":"Highest level of education","DefaultChoices":false,"DataExportTag":"Q3","QuestionType":"MC","Selector":"DL","DataVisibility":{"Private":false,"Hidden":false},"Configuration":{"QuestionDescriptionOption":"UseText"},"QuestionDescription":"Highest level of education","Choices":{"1":{"Display":"High School"},"2":{"Display":"Some College"},"3":{"Display":"Bachelor's Degree"},"4":{"Display":"Master's Degree"},"5":{"Display":"Doctorate"},"6":{"Display":"Other"}},"ChoiceOrder":[1,2,3,4,5,6],"Validation":{"Settings":{"ForceResponse":"ON","ForceResponseType":"ON","Type":"None"}},"GradingData":[],"Language":[],"NextChoiceId":7,"NextAnswerId":1,"QuestionID":"QID3"}},{"SurveyID":"SV_3OtqRzQlztDavd4","Element":"SQ","PrimaryAttribute":"QID5","SecondaryAttribute":"How comfortable are you with using AI chatbots for various tasks?","TertiaryAttribute":null,"Payload":{"QuestionText":"How comfortable are you with using AI chatbots for various tasks?","DefaultChoices":false,"DataExportTag":"Q5","QuestionType":"MC","Selector":"SAVR","SubSelector":"TX","DataVisibility":{"Private":false,"Hidden":false},"Configuration":{"QuestionDescriptionOption":"UseText"},"QuestionDescription":"How comfortable are you with using AI chatbots for various tasks?","Choices":{"1":{"Display":"Very uncomfortable"},"2":{"Display":"Uncomfortable"},"3":{"Display":"Neutral"},"4":{"Display":"Comfortable"},"5":{"Display":"Very comfortable"}},"ChoiceOrder":[1,2,3,4,5],"Validation":{"Settings":{"ForceResponse":"ON","ForceResponseType":"ON","Type":"None"}},"GradingData":[],"Language":[],"NextChoiceId":6,"NextAnswerId":1,"QuestionID":"QID5","ChoiceGroups":{"cg_1":{"ChoiceGroupOrder":null,"GroupLabel":"Group","Options":[]}},"ChoiceGroupOrder":[1,2,3,4,5,"cg_1"]}},{"SurveyID":"SV_3OtqRzQlztDavd4","Element":"SQ","PrimaryAttribute":"QID7","SecondaryAttribute":"How concerned are you about your online privacy?","TertiaryAttribute":null,"Payload":{"QuestionText":"How concerned are you about your online privacy?","DefaultChoices":false,"DataExportTag":"Q7","QuestionType":"MC","Selector":"SAVR","SubSelector":"TX","DataVisibility":{"Private":false,"Hidden":false},"Configuration":{"QuestionDescriptionOption":"UseText"},"QuestionDescription":"How concerned are you about your online privacy?","Choices":{"1":{"Display":"Not at all concerned"},"2":{"Display":"Slightly concerned"},"3":{"Display":"Moderately concerned"},"4":{"Display":"Very concerned"},"5":{"Display":"Extremely concerned"}},"ChoiceOrder":[1,2,3,4,5],"Validation":{"Settings":{"ForceResponse":"ON","ForceResponseType":"ON","Type":"None"}},"GradingData":[],"Language":[],"NextChoiceId":6,"NextAnswerId":1,"QuestionID":"QID7"}},{"SurveyID":"SV_3OtqRzQlztDavd4","Element":"SQ","PrimaryAttribute":"QID8","SecondaryAttribute":"How likely are you to share personal information online?","TertiaryAttribute":null,"Payload":{"QuestionText":"How likely are you to share personal information online?","DefaultChoices":false,"DataExportTag":"Q8","QuestionType":"MC","Selector":"SAVR","SubSelector":"TX","DataVisibility":{"Private":false,"Hidden":false},"Configuration":{"QuestionDescriptionOption":"UseText"},"QuestionDescription":"How likely are you to share personal information online?","Choices":{"1":{"Display":"Very unlikely"},"2":{"Display":"Unlikely"},"3":{"Display":"Neutral"},"4":{"Display":"Likely"},"5":{"Display":"Very likely"}},"ChoiceOrder":[1,2,3,4,5],"Validation":{"Settings":{"ForceResponse":"ON","ForceResponseType":"ON","Type":"None"}},"GradingData":[],"Language":[],"NextChoiceId":6,"NextAnswerId":1,"QuestionID":"QID8","ChoiceGroups":{"cg_1":{"ChoiceGroupOrder":null,"GroupLabel":"Group","Options":[]}},"ChoiceGroupOrder":[1,2,3,4,5,"cg_1"]}},{"SurveyID":"SV_3OtqRzQlztDavd4","Element":"SQ","PrimaryAttribute":"QID9","SecondaryAttribute":"How much do you trust AI systems in general?","TertiaryAttribute":null,"Payload":{"QuestionText":"How much do you trust AI systems in general?","DefaultChoices":false,"DataExportTag":"Q9","QuestionType":"MC","Selector":"SAVR","SubSelector":"TX","DataVisibility":{"Private":false,"Hidden":false},"Configuration":{"QuestionDescriptionOption":"UseText","Autoscale":{"YScale":{"Name":"noneAll","Type":"likert","Reverse":false}}},"QuestionDescription":"How much do you trust AI systems in general?","Choices":{"1":{"Display":"None at all"},"2":{"Display":"A little"},"3":{"Display":"A moderate amount"},"4":{"Display":"A lot"},"5":{"Display":"A great deal"}},"ChoiceOrder":[1,2,3,4,5],"Validation":{"Settings":{"ForceResponse":"ON","ForceResponseType":"ON","Type":"None"}},"GradingData":[],"Language":[],"NextChoiceId":6,"NextAnswerId":1,"QuestionID":"QID9"}},{"SurveyID":"SV_3OtqRzQlztDavd4","Element":"SQ","PrimaryAttribute":"QID4","SecondaryAttribute":"How often do you interact with AI chatbots?","TertiaryAttribute":null,"Payload":{"QuestionText":"How often do you interact with AI chatbots?","DefaultChoices":false,"DataExportTag":"Q4","QuestionType":"MC","Selector":"SAVR","SubSelector":"TX","DataVisibility":{"Private":false,"Hidden":false},"Configuration":{"QuestionDescriptionOption":"UseText"},"QuestionDescription":"How often do you interact with AI chatbots?","Choices":{"1":{"Display":"Never"},"2":{"Display":"Rarely"},"3":{"Display":"Sometimes"},"4":{"Display":"Frequently"},"5":{"Display":"Very frequently"}},"ChoiceOrder":[1,2,3,4,5],"Validation":{"Settings":{"ForceResponse":"ON","ForceResponseType":"ON","Type":"None"}},"GradingData":[],"Language":[],"NextChoiceId":6,"NextAnswerId":1,"QuestionID":"QID4"}},{"SurveyID":"SV_3OtqRzQlztDavd4","Element":"SQ","PrimaryAttribute":"QID6","SecondaryAttribute":"How would you rate your knowledge of cybersecurity?","TertiaryAttribute":null,"Payload":{"QuestionText":"How would you rate your knowledge of cybersecurity?","DefaultChoices":false,"DataExportTag":"Q6","QuestionType":"MC","Selector":"SAVR","SubSelector":"TX","DataVisibility":{"Private":false,"Hidden":false},"Configuration":{"QuestionDescriptionOption":"UseText"},"QuestionDescription":"How would you rate your knowledge of cybersecurity?","Choices":{"1":{"Display":"No knowledge"},"2":{"Display":"Basic knowledge"},"3":{"Display":"Intermediate knowledge"},"4":{"Display":"Advanced knowledge"},"5":{"Display":"Expert knowledge"}},"ChoiceOrder":[1,2,3,4,5],"Validation":{"Settings":{"ForceResponse":"ON","ForceResponseType":"ON","Type":"None"}},"GradingData":[],"Language":[],"NextChoiceId":6,"NextAnswerId":1,"QuestionID":"QID6"}}]}