{"SurveyEntry":{"SurveyID":"SV_9WDqxZF2MF8w2cm","SurveyName":"Exit","SurveyDescription":null,"SurveyOwnerID":"UR_1BVOjkoUhHUV53j","SurveyBrandID":"qfreeaccountssjc1","DivisionID":"DV_85JEoDyVrGAdPhj","SurveyLanguage":"EN","SurveyActiveResponseSet":"RS_d5V0AWF8sz8B39Q","SurveyStatus":"Inactive","SurveyStartDate":"0000-00-00 00:00:00","SurveyExpirationDate":"0000-00-00 00:00:00","SurveyCreationDate":"2024-09-02 12:29:14","CreatorID":"UR_1BVOjkoUhHUV53j","LastModified":"2024-09-02 13:29:59","LastAccessed":"0000-00-00 00:00:00","LastActivated":"2024-09-02 13:27:20","Deleted":null},"SurveyElements":[{"SurveyID":"SV_9WDqxZF2MF8w2cm","Element":"BL","PrimaryAttribute":"Survey Blocks","SecondaryAttribute":null,"TertiaryAttribute":null,"Payload":[{"Type":"Default","Description":"Default Question Block","ID":"BL_5nZSljgDhmmpB9c","BlockElements":[{"Type":"Question","QuestionID":"QID1"},{"Type":"Question","QuestionID":"QID2"},{"Type":"Question","QuestionID":"QID3"},{"Type":"Question","QuestionID":"QID4"},{"Type":"Question","QuestionID":"QID5"},{"Type":"Question","QuestionID":"QID6"},{"Type":"Question","QuestionID":"QID7"},{"Type":"Question","QuestionID":"QID8"},{"Type":"Question","QuestionID":"QID9"},{"Type":"Question","QuestionID":"QID10"},{"Type":"Question","QuestionID":"QID11"},{"Type":"Question","QuestionID":"QID12"},{"Type":"Question","QuestionID":"QID13"},{"Type":"Question","QuestionID":"QID14"}]},{"Type":"Trash","Description":"Trash \/ Unused Questions","ID":"BL_agHo77uCpriEk5w"}]},{"SurveyID":"SV_9WDqxZF2MF8w2cm","Element":"FL","PrimaryAttribute":"Survey Flow","SecondaryAttribute":null,"TertiaryAttribute":null,"Payload":{"Flow":[{"ID":"BL_5nZSljgDhmmpB9c","Type":"Block","FlowID":"FL_2"}],"Properties":{"Count":2},"FlowID":"FL_1","Type":"Root"}},{"SurveyID":"SV_9WDqxZF2MF8w2cm","Element":"PL","PrimaryAttribute":"Preview Link","SecondaryAttribute":null,"TertiaryAttribute":null,"Payload":{"PreviewType":"Brand","PreviewID":"ba4c5072-fe67-464b-918d-f55a49c964ab"}},{"SurveyID":"SV_9WDqxZF2MF8w2cm","Element":"SO","PrimaryAttribute":"Survey Options","SecondaryAttribute":null,"TertiaryAttribute":null,"Payload":{"BackButton":"false","SaveAndContinue":"true","SurveyProtection":"PublicSurvey","BallotBoxStuffingPrevention":"true","NoIndex":"Yes","SecureResponseFiles":"true","SurveyExpiration":"None","SurveyTermination":"DefaultMessage","Header":"","Footer":"","ProgressBarDisplay":"None","PartialData":"+1 week","ValidationMessage":null,"PreviousButton":"","NextButton":"","SurveyTitle":"Qualtrics Survey | Qualtrics Experience Management","SkinLibrary":"qfreeaccountssjc1","SkinType":"component","Skin":{"brandingId":null,"templateId":"*simple","overrides":null},"NewScoring":1,"SurveyMetaDescription":"The most powerful, simple and trusted way to gather experience data. Start your journey to experience management and try a free account today.","CustomStyles":[],"EOSMessage":null,"ShowExportTags":"true","CollectGeoLocation":"false","PasswordProtection":"No","AnonymizeResponse":"No","RefererCheck":"No","UseCustomSurveyLinkCompletedMessage":null,"SurveyLinkCompletedMessage":null,"SurveyLinkCompletedMessageLibrary":null,"ResponseSummary":"No","EOSMessageLibrary":null,"EOSRedirectURL":null,"EmailThankYou":"false","ThankYouEmailMessageLibrary":null,"ThankYouEmailMessage":null,"ValidateMessage":"false","ValidationMessageLibrary":null,"InactiveSurvey":"DefaultMessage","PartialDeletion":null,"PartialDataCloseAfter":"LastActivity","InactiveMessageLibrary":null,"InactiveMessage":null,"AvailableLanguages":{"EN":[]}}},{"SurveyID":"SV_9WDqxZF2MF8w2cm","Element":"SCO","PrimaryAttribute":"Scoring","SecondaryAttribute":null,"TertiaryAttribute":null,"Payload":{"ScoringCategories":[],"ScoringCategoryGroups":[],"ScoringSummaryCategory":null,"ScoringSummaryAfterQuestions":0,"ScoringSummaryAfterSurvey":0,"DefaultScoringCategory":null,"AutoScoringCategory":null}},{"SurveyID":"SV_9WDqxZF2MF8w2cm","Element":"PROJ","PrimaryAttribute":"CORE","SecondaryAttribute":null,"TertiaryAttribute":"1.1.0","Payload":{"ProjectCategory":"CORE","SchemaVersion":"1.1.0"}},{"SurveyID":"SV_9WDqxZF2MF8w2cm","Element":"STAT","PrimaryAttribute":"Survey Statistics","SecondaryAttribute":null,"TertiaryAttribute":null,"Payload":{"MobileCompatible":true,"ID":"Survey Statistics"}},{"SurveyID":"SV_9WDqxZF2MF8w2cm","Element":"QC","PrimaryAttribute":"Survey Question Count","SecondaryAttribute":"14","TertiaryAttribute":null,"Payload":null},{"SurveyID":"SV_9WDqxZF2MF8w2cm","Element":"SQ","PrimaryAttribute":"QID14","SecondaryAttribute":"After participating in this study, how has your perception of AI chatbots changed, if at all?","TertiaryAttribute":null,"Payload":{"QuestionText":"After participating in this study, how has your perception of AI chatbots changed, if at all?","DefaultChoices":false,"DataExportTag":"Q14","QuestionType":"TE","Selector":"ML","DataVisibility":{"Private":false,"Hidden":false},"Configuration":{"QuestionDescriptionOption":"UseText"},"QuestionDescription":"After participating in this study, how has your perception of AI chatbots changed, if at all?","Validation":{"Settings":{"ForceResponse":"ON","ForceResponseType":"ON","Type":"AITextAnalysis","AITextAnalysis":{"Checks":[{"Type":"Partial","Messages":"default"},{"Type":"OverlyGeneralized","Messages":"default"},{"Type":"NonInsightful","Messages":"default"},{"Type":"InsufficientDetail","Messages":"default"},{"Type":"Gibberish","Messages":"default"}]}}},"GradingData":[],"Language":[],"NextChoiceId":4,"NextAnswerId":1,"SearchSource":{"AllowFreeResponse":"false"},"QuestionID":"QID14"}},{"SurveyID":"SV_9WDqxZF2MF8w2cm","Element":"RS","PrimaryAttribute":"RS_d5V0AWF8sz8B39Q","SecondaryAttribute":"Default Response Set","TertiaryAttribute":null,"Payload":null},{"SurveyID":"SV_9WDqxZF2MF8w2cm","Element":"SQ","PrimaryAttribute":"QID10","SecondaryAttribute":"Did you ever feel manipulated during any of the chatbot interactions? If yes, in which interactio...","TertiaryAttribute":null,"Payload":{"QuestionText":"Did you ever feel manipulated during any of the chatbot interactions? If yes, in which interaction(s) and how?","DefaultChoices":false,"DataExportTag":"Q10","QuestionType":"TE","Selector":"ML","DataVisibility":{"Private":false,"Hidden":false},"Configuration":{"QuestionDescriptionOption":"UseText"},"QuestionDescription":"Did you ever feel manipulated during any of the chatbot interactions? If yes, in which interactio...","Validation":{"Settings":{"ForceResponse":"ON","ForceResponseType":"ON","Type":"AITextAnalysis","AITextAnalysis":{"Checks":[{"Type":"Partial","Messages":"default"},{"Type":"OverlyGeneralized","Messages":"default"},{"Type":"NonInsightful","Messages":"default"},{"Type":"InsufficientDetail","Messages":"default"},{"Type":"Gibberish","Messages":"default"}]}}},"GradingData":[],"Language":[],"NextChoiceId":4,"NextAnswerId":1,"SearchSource":{"AllowFreeResponse":"false"},"QuestionID":"QID10"}},{"SurveyID":"SV_9WDqxZF2MF8w2cm","Element":"SQ","PrimaryAttribute":"QID2","SecondaryAttribute":"Did you notice any differences in how the chatbots interacted with you across different sessions?...","TertiaryAttribute":null,"Payload":{"QuestionText":"Did you notice any differences in how the chatbots interacted with you across different sessions? Please describe.","DefaultChoices":false,"DataExportTag":"Q2","QuestionType":"TE","Selector":"ML","DataVisibility":{"Private":false,"Hidden":false},"Configuration":{"QuestionDescriptionOption":"UseText"},"QuestionDescription":"Did you notice any differences in how the chatbots interacted with you across different sessions?...","Validation":{"Settings":{"ForceResponse":"ON","ForceResponseType":"ON","Type":"AITextAnalysis","AITextAnalysis":{"Checks":[{"Type":"Partial","Messages":"default"},{"Type":"OverlyGeneralized","Messages":"default"},{"Type":"NonInsightful","Messages":"default"},{"Type":"InsufficientDetail","Messages":"default"},{"Type":"Gibberish","Messages":"default"}]}}},"GradingData":[],"Language":[],"NextChoiceId":4,"NextAnswerId":1,"SearchSource":{"AllowFreeResponse":"false"},"QuestionID":"QID2"}},{"SurveyID":"SV_9WDqxZF2MF8w2cm","Element":"SQ","PrimaryAttribute":"QID12","SecondaryAttribute":"Did your willingness to share information change across different chatbot interactions? If so, how?","TertiaryAttribute":null,"Payload":{"QuestionText":"Did your willingness to share information change across different chatbot interactions? If so, how?","DefaultChoices":false,"DataExportTag":"Q12","QuestionType":"TE","Selector":"ML","DataVisibility":{"Private":false,"Hidden":false},"Configuration":{"QuestionDescriptionOption":"UseText"},"QuestionDescription":"Did your willingness to share information change across different chatbot interactions? If so, how?","Validation":{"Settings":{"ForceResponse":"ON","ForceResponseType":"ON","Type":"AITextAnalysis","AITextAnalysis":{"Checks":[{"Type":"Partial","Messages":"default"},{"Type":"OverlyGeneralized","Messages":"default"},{"Type":"NonInsightful","Messages":"default"},{"Type":"InsufficientDetail","Messages":"default"},{"Type":"Gibberish","Messages":"default"}]}}},"GradingData":[],"Language":[],"NextChoiceId":4,"NextAnswerId":1,"SearchSource":{"AllowFreeResponse":"false"},"QuestionID":"QID12"}},{"SurveyID":"SV_9WDqxZF2MF8w2cm","Element":"SQ","PrimaryAttribute":"QID11","SecondaryAttribute":"How aware were you of potential security or privacy risks during your interactions with the chatb...","TertiaryAttribute":null,"Payload":{"QuestionText":"How aware were you of potential security or privacy risks during your interactions with the chatbots?","DefaultChoices":false,"DataExportTag":"Q11","QuestionType":"TE","Selector":"ML","DataVisibility":{"Private":false,"Hidden":false},"Configuration":{"QuestionDescriptionOption":"UseText"},"QuestionDescription":"How aware were you of potential security or privacy risks during your interactions with the chatb...","Validation":{"Settings":{"ForceResponse":"ON","ForceResponseType":"ON","Type":"None"}},"GradingData":[],"Language":[],"NextChoiceId":4,"NextAnswerId":1,"SearchSource":{"AllowFreeResponse":"false"},"QuestionID":"QID11"}},{"SurveyID":"SV_9WDqxZF2MF8w2cm","Element":"SQ","PrimaryAttribute":"QID13","SecondaryAttribute":"How do you think these chatbot interactions might influence your behavior in real-world scenarios?","TertiaryAttribute":null,"Payload":{"QuestionText":"How do you think these chatbot interactions might influence your behavior in real-world scenarios?","DefaultChoices":false,"DataExportTag":"Q13","QuestionType":"TE","Selector":"ML","DataVisibility":{"Private":false,"Hidden":false},"Configuration":{"QuestionDescriptionOption":"UseText"},"QuestionDescription":"How do you think these chatbot interactions might influence your behavior in real-world scenarios?","Validation":{"Settings":{"ForceResponse":"ON","ForceResponseType":"ON","Type":"AITextAnalysis","AITextAnalysis":{"Checks":[{"Type":"Partial","Messages":"default"},{"Type":"OverlyGeneralized","Messages":"default"},{"Type":"NonInsightful","Messages":"default"},{"Type":"InsufficientDetail","Messages":"default"},{"Type":"Gibberish","Messages":"default"}]}}},"GradingData":[],"Language":[],"NextChoiceId":4,"NextAnswerId":1,"SearchSource":{"AllowFreeResponse":"false"},"QuestionID":"QID13"}},{"SurveyID":"SV_9WDqxZF2MF8w2cm","Element":"SQ","PrimaryAttribute":"QID4","SecondaryAttribute":"In which interaction did you feel the most comfortable sharing information, and why?","TertiaryAttribute":null,"Payload":{"QuestionText":"In which interaction did you feel the most comfortable sharing information, and why?","DefaultChoices":false,"DataExportTag":"Q4","QuestionType":"TE","Selector":"ML","DataVisibility":{"Private":false,"Hidden":false},"Configuration":{"QuestionDescriptionOption":"UseText"},"QuestionDescription":"In which interaction did you feel the most comfortable sharing information, and why?","Validation":{"Settings":{"ForceResponse":"ON","ForceResponseType":"ON","Type":"AITextAnalysis","AITextAnalysis":{"Checks":[{"Type":"Partial","Messages":"default"},{"Type":"OverlyGeneralized","Messages":"default"},{"Type":"NonInsightful","Messages":"default"},{"Type":"InsufficientDetail","Messages":"default"},{"Type":"Gibberish","Messages":"default"}]}}},"GradingData":[],"Language":[],"NextChoiceId":4,"NextAnswerId":1,"SearchSource":{"AllowFreeResponse":"false"},"QuestionID":"QID4"}},{"SurveyID":"SV_9WDqxZF2MF8w2cm","Element":"SQ","PrimaryAttribute":"QID9","SecondaryAttribute":"Is there anything else you want to share about your experience?","TertiaryAttribute":null,"Payload":{"QuestionText":"Is there anything else you want to share about your experience?","DefaultChoices":false,"DataExportTag":"Q9","QuestionType":"TE","Selector":"ML","DataVisibility":{"Private":false,"Hidden":false},"Configuration":{"QuestionDescriptionOption":"UseText"},"QuestionDescription":"Is there anything else you want to share about your experience?","Validation":{"Settings":{"ForceResponse":"ON","ForceResponseType":"ON","Type":"AITextAnalysis","AITextAnalysis":{"Checks":[{"Type":"Partial","Messages":"default"},{"Type":"OverlyGeneralized","Messages":"default"},{"Type":"NonInsightful","Messages":"default"},{"Type":"InsufficientDetail","Messages":"default"},{"Type":"Gibberish","Messages":"default"}]}}},"GradingData":[],"Language":[],"NextChoiceId":4,"NextAnswerId":1,"SearchSource":{"AllowFreeResponse":"false"},"QuestionID":"QID9"}},{"SurveyID":"SV_9WDqxZF2MF8w2cm","Element":"SQ","PrimaryAttribute":"QID1","SecondaryAttribute":"Overall, how would you describe your experience interacting with the chatbots?","TertiaryAttribute":null,"Payload":{"QuestionText":"Overall, how would you describe your experience interacting with the chatbots?","DefaultChoices":false,"DataExportTag":"Q1","QuestionID":"QID1","QuestionType":"TE","Selector":"ML","DataVisibility":{"Private":false,"Hidden":false},"Configuration":{"QuestionDescriptionOption":"UseText"},"QuestionDescription":"Overall, how would you describe your experience interacting with the chatbots?","Validation":{"Settings":{"ForceResponse":"ON","ForceResponseType":"ON","Type":"AITextAnalysis","AITextAnalysis":{"Checks":[{"Type":"Partial","Messages":"default"},{"Type":"OverlyGeneralized","Messages":"default"},{"Type":"NonInsightful","Messages":"default"},{"Type":"InsufficientDetail","Messages":"default"},{"Type":"Gibberish","Messages":"default"}]}}},"GradingData":[],"Language":[],"NextChoiceId":4,"NextAnswerId":1,"SearchSource":{"AllowFreeResponse":"false"}}},{"SurveyID":"SV_9WDqxZF2MF8w2cm","Element":"SQ","PrimaryAttribute":"QID8","SecondaryAttribute":"Thinking about all the interactions, how satisfied are you with the overall experience?","TertiaryAttribute":null,"Payload":{"QuestionText":"Thinking about all the interactions, how satisfied are you with the overall experience?","DefaultChoices":false,"DataExportTag":"Q8","QuestionType":"TE","Selector":"ML","DataVisibility":{"Private":false,"Hidden":false},"Configuration":{"QuestionDescriptionOption":"UseText"},"QuestionDescription":"Thinking about all the interactions, how satisfied are you with the overall experience?","Validation":{"Settings":{"ForceResponse":"ON","ForceResponseType":"ON","Type":"AITextAnalysis","AITextAnalysis":{"Checks":[{"Type":"Partial","Messages":"default"},{"Type":"OverlyGeneralized","Messages":"default"},{"Type":"NonInsightful","Messages":"default"},{"Type":"InsufficientDetail","Messages":"default"},{"Type":"Gibberish","Messages":"default"}]}}},"GradingData":[],"Language":[],"NextChoiceId":4,"NextAnswerId":1,"SearchSource":{"AllowFreeResponse":"false"},"QuestionID":"QID8"}},{"SurveyID":"SV_9WDqxZF2MF8w2cm","Element":"SQ","PrimaryAttribute":"QID7","SecondaryAttribute":"What aspects of the chatbot interactions could be improved?","TertiaryAttribute":null,"Payload":{"QuestionText":"What aspects of the chatbot interactions could be improved?","DefaultChoices":false,"DataExportTag":"Q7","QuestionType":"TE","Selector":"ML","DataVisibility":{"Private":false,"Hidden":false},"Configuration":{"QuestionDescriptionOption":"UseText"},"QuestionDescription":"What aspects of the chatbot interactions could be improved?","Validation":{"Settings":{"ForceResponse":"ON","ForceResponseType":"ON","Type":"AITextAnalysis","AITextAnalysis":{"Checks":[{"Type":"Partial","Messages":"default"},{"Type":"OverlyGeneralized","Messages":"default"},{"Type":"NonInsightful","Messages":"default"},{"Type":"InsufficientDetail","Messages":"default"},{"Type":"Gibberish","Messages":"default"}]}}},"GradingData":[],"Language":[],"NextChoiceId":4,"NextAnswerId":1,"SearchSource":{"AllowFreeResponse":"false"},"QuestionID":"QID7"}},{"SurveyID":"SV_9WDqxZF2MF8w2cm","Element":"SQ","PrimaryAttribute":"QID6","SecondaryAttribute":"What did you like most about your interactions with the chatbots?","TertiaryAttribute":null,"Payload":{"QuestionText":"What did you like most about your interactions with the chatbots?","DefaultChoices":false,"DataExportTag":"Q6","QuestionType":"TE","Selector":"ML","DataVisibility":{"Private":false,"Hidden":false},"Configuration":{"QuestionDescriptionOption":"UseText"},"QuestionDescription":"What did you like most about your interactions with the chatbots?","Validation":{"Settings":{"ForceResponse":"ON","ForceResponseType":"ON","Type":"AITextAnalysis","AITextAnalysis":{"Checks":[{"Type":"Partial","Messages":"default"},{"Type":"OverlyGeneralized","Messages":"default"},{"Type":"NonInsightful","Messages":"default"},{"Type":"InsufficientDetail","Messages":"default"},{"Type":"Gibberish","Messages":"default"}]}}},"GradingData":[],"Language":[],"NextChoiceId":4,"NextAnswerId":1,"SearchSource":{"AllowFreeResponse":"false"},"QuestionID":"QID6"}},{"SurveyID":"SV_9WDqxZF2MF8w2cm","Element":"SQ","PrimaryAttribute":"QID5","SecondaryAttribute":"Which chatbot interaction felt the most trustworthy to you, and why?","TertiaryAttribute":null,"Payload":{"QuestionText":"Which chatbot interaction felt the most trustworthy to you, and why?","DefaultChoices":false,"DataExportTag":"Q5","QuestionType":"TE","Selector":"ML","DataVisibility":{"Private":false,"Hidden":false},"Configuration":{"QuestionDescriptionOption":"UseText"},"QuestionDescription":"Which chatbot interaction felt the most trustworthy to you, and why?","Validation":{"Settings":{"ForceResponse":"ON","ForceResponseType":"ON","Type":"AITextAnalysis","AITextAnalysis":{"Checks":[{"Type":"Partial","Messages":"default"},{"Type":"OverlyGeneralized","Messages":"default"},{"Type":"NonInsightful","Messages":"default"},{"Type":"InsufficientDetail","Messages":"default"},{"Type":"Gibberish","Messages":"default"}]}}},"GradingData":[],"Language":[],"NextChoiceId":4,"NextAnswerId":1,"SearchSource":{"AllowFreeResponse":"false"},"QuestionID":"QID5"}},{"SurveyID":"SV_9WDqxZF2MF8w2cm","Element":"SQ","PrimaryAttribute":"QID3","SecondaryAttribute":"Which interaction did you find most engaging, and why?","TertiaryAttribute":null,"Payload":{"QuestionText":"Which interaction did you find most engaging, and why?","DefaultChoices":false,"DataExportTag":"Q3","QuestionType":"TE","Selector":"ML","DataVisibility":{"Private":false,"Hidden":false},"Configuration":{"QuestionDescriptionOption":"UseText"},"QuestionDescription":"Which interaction did you find most engaging, and why?","Validation":{"Settings":{"ForceResponse":"ON","ForceResponseType":"ON","Type":"AITextAnalysis","AITextAnalysis":{"Checks":[{"Type":"Partial","Messages":"default"},{"Type":"OverlyGeneralized","Messages":"default"},{"Type":"NonInsightful","Messages":"default"},{"Type":"InsufficientDetail","Messages":"default"},{"Type":"Gibberish","Messages":"default"}]}}},"GradingData":[],"Language":[],"NextChoiceId":4,"NextAnswerId":1,"SearchSource":{"AllowFreeResponse":"false"},"QuestionID":"QID3"}}]}