{"SurveyEntry":{"SurveyID":"SV_emv3zD3J6tcT6J0","SurveyName":"Kindness","SurveyDescription":null,"SurveyOwnerID":"UR_1BVOjkoUhHUV53j","SurveyBrandID":"qfreeaccountssjc1","DivisionID":"DV_85JEoDyVrGAdPhj","SurveyLanguage":"EN","SurveyActiveResponseSet":"RS_d4fwdyEOzbMBwDY","SurveyStatus":"Inactive","SurveyStartDate":"0000-00-00 00:00:00","SurveyExpirationDate":"0000-00-00 00:00:00","SurveyCreationDate":"2024-09-02 11:46:48","CreatorID":"UR_1BVOjkoUhHUV53j","LastModified":"2024-09-02 13:29:51","LastAccessed":"0000-00-00 00:00:00","LastActivated":"2024-09-02 13:27:13","Deleted":null},"SurveyElements":[{"SurveyID":"SV_emv3zD3J6tcT6J0","Element":"BL","PrimaryAttribute":"Survey Blocks","SecondaryAttribute":null,"TertiaryAttribute":null,"Payload":[{"Type":"Default","Description":"Default Question Block","ID":"BL_7OEWh90oyJsdcgu","BlockElements":[{"Type":"Question","QuestionID":"QID1"},{"Type":"Question","QuestionID":"QID2"},{"Type":"Question","QuestionID":"QID3"},{"Type":"Question","QuestionID":"QID4"},{"Type":"Question","QuestionID":"QID5"},{"Type":"Question","QuestionID":"QID6"},{"Type":"Question","QuestionID":"QID7"}]},{"Type":"Trash","Description":"Trash \/ Unused Questions","ID":"BL_d6EW0nmpZarP1MG"}]},{"SurveyID":"SV_emv3zD3J6tcT6J0","Element":"FL","PrimaryAttribute":"Survey Flow","SecondaryAttribute":null,"TertiaryAttribute":null,"Payload":{"Flow":[{"ID":"BL_7OEWh90oyJsdcgu","Type":"Block","FlowID":"FL_2"}],"Properties":{"Count":2},"FlowID":"FL_1","Type":"Root"}},{"SurveyID":"SV_emv3zD3J6tcT6J0","Element":"PL","PrimaryAttribute":"Preview Link","SecondaryAttribute":null,"TertiaryAttribute":null,"Payload":{"PreviewType":"Brand","PreviewID":"21ed161a-3c3c-4ec0-a5ae-e8309be94477"}},{"SurveyID":"SV_emv3zD3J6tcT6J0","Element":"SO","PrimaryAttribute":"Survey Options","SecondaryAttribute":null,"TertiaryAttribute":null,"Payload":{"BackButton":"false","SaveAndContinue":"true","SurveyProtection":"PublicSurvey","BallotBoxStuffingPrevention":"true","NoIndex":"Yes","SecureResponseFiles":"true","SurveyExpiration":"None","SurveyTermination":"DefaultMessage","Header":"","Footer":"","ProgressBarDisplay":"None","PartialData":"+1 week","ValidationMessage":null,"PreviousButton":"","NextButton":"","SurveyTitle":"Qualtrics Survey | Qualtrics Experience Management","SkinLibrary":"qfreeaccountssjc1","SkinType":"component","Skin":{"brandingId":null,"templateId":"*simple","overrides":null},"NewScoring":1,"SurveyMetaDescription":"The most powerful, simple and trusted way to gather experience data. Start your journey to experience management and try a free account today.","CustomStyles":[],"EOSMessage":null,"ShowExportTags":"true","CollectGeoLocation":"false","PasswordProtection":"No","AnonymizeResponse":"No","RefererCheck":"No","UseCustomSurveyLinkCompletedMessage":null,"SurveyLinkCompletedMessage":null,"SurveyLinkCompletedMessageLibrary":null,"ResponseSummary":"No","EOSMessageLibrary":null,"EOSRedirectURL":null,"EmailThankYou":"false","ThankYouEmailMessageLibrary":null,"ThankYouEmailMessage":null,"ValidateMessage":"false","ValidationMessageLibrary":null,"InactiveSurvey":"DefaultMessage","PartialDeletion":null,"PartialDataCloseAfter":"LastActivity","InactiveMessageLibrary":null,"InactiveMessage":null,"AvailableLanguages":{"EN":[]}}},{"SurveyID":"SV_emv3zD3J6tcT6J0","Element":"SCO","PrimaryAttribute":"Scoring","SecondaryAttribute":null,"TertiaryAttribute":null,"Payload":{"ScoringCategories":[],"ScoringCategoryGroups":[],"ScoringSummaryCategory":null,"ScoringSummaryAfterQuestions":0,"ScoringSummaryAfterSurvey":0,"DefaultScoringCategory":null,"AutoScoringCategory":null}},{"SurveyID":"SV_emv3zD3J6tcT6J0","Element":"PROJ","PrimaryAttribute":"CORE","SecondaryAttribute":null,"TertiaryAttribute":"1.1.0","Payload":{"ProjectCategory":"CORE","SchemaVersion":"1.1.0"}},{"SurveyID":"SV_emv3zD3J6tcT6J0","Element":"STAT","PrimaryAttribute":"Survey Statistics","SecondaryAttribute":null,"TertiaryAttribute":null,"Payload":{"MobileCompatible":true,"ID":"Survey Statistics"}},{"SurveyID":"SV_emv3zD3J6tcT6J0","Element":"QC","PrimaryAttribute":"Survey Question Count","SecondaryAttribute":"7","TertiaryAttribute":null,"Payload":null},{"SurveyID":"SV_emv3zD3J6tcT6J0","Element":"RS","PrimaryAttribute":"RS_d4fwdyEOzbMBwDY","SecondaryAttribute":"Default Response Set","TertiaryAttribute":null,"Payload":null},{"SurveyID":"SV_emv3zD3J6tcT6J0","Element":"SQ","PrimaryAttribute":"QID4","SecondaryAttribute":"Did the chatbot\u2019s responses make you feel understood?","TertiaryAttribute":null,"Payload":{"QuestionText":"Did the chatbot\u2019s responses make you feel understood?","DefaultChoices":false,"DataExportTag":"Q4","QuestionType":"MC","Selector":"SAVR","SubSelector":"TX","DataVisibility":{"Private":false,"Hidden":false},"Configuration":{"QuestionDescriptionOption":"UseText"},"QuestionDescription":"Did the chatbot\u2019s responses make you feel understood?","Choices":{"1":{"Display":"Not at all"},"2":{"Display":"Slightly"},"3":{"Display":"Moderately"},"4":{"Display":"Very much"},"5":{"Display":"Completely"}},"ChoiceOrder":[1,2,3,4,5],"Validation":{"Settings":{"ForceResponse":"ON","ForceResponseType":"ON","Type":"None"}},"GradingData":[],"Language":[],"NextChoiceId":6,"NextAnswerId":1,"QuestionID":"QID4","ChoiceGroups":{"cg_1":{"ChoiceGroupOrder":null,"GroupLabel":"Group","Options":[]}},"ChoiceGroupOrder":[1,2,3,4,5,"cg_1"]}},{"SurveyID":"SV_emv3zD3J6tcT6J0","Element":"SQ","PrimaryAttribute":"QID2","SecondaryAttribute":"How empathetic did you find the chatbot\u2019s responses?","TertiaryAttribute":null,"Payload":{"QuestionText":"How empathetic did you find the chatbot\u2019s responses?","DefaultChoices":false,"DataExportTag":"Q2","QuestionType":"MC","Selector":"SAVR","SubSelector":"TX","DataVisibility":{"Private":false,"Hidden":false},"Configuration":{"QuestionDescriptionOption":"UseText"},"QuestionDescription":"How empathetic did you find the chatbot\u2019s responses?","Choices":{"1":{"Display":"Not empathetic at all"},"2":{"Display":"Slightly empathetic"},"3":{"Display":"Moderately empathetic"},"4":{"Display":"Empathetic"},"5":{"Display":"Very empathetic"}},"ChoiceOrder":[1,2,3,4,5],"Validation":{"Settings":{"ForceResponse":"ON","ForceResponseType":"ON","Type":"None"}},"GradingData":[],"Language":[],"NextChoiceId":6,"NextAnswerId":1,"QuestionID":"QID2"}},{"SurveyID":"SV_emv3zD3J6tcT6J0","Element":"SQ","PrimaryAttribute":"QID5","SecondaryAttribute":"How likely are you to recommend this chatbot to others based on your experience?","TertiaryAttribute":null,"Payload":{"QuestionText":"How likely are you to recommend this chatbot to others based on your experience?","DefaultChoices":false,"DataExportTag":"Q5","QuestionType":"MC","Selector":"SAVR","SubSelector":"TX","DataVisibility":{"Private":false,"Hidden":false},"Configuration":{"QuestionDescriptionOption":"UseText"},"QuestionDescription":"How likely are you to recommend this chatbot to others based on your experience?","Choices":{"1":{"Display":"Not at all"},"2":{"Display":"Slightly likely"},"3":{"Display":"Moderately likely"},"4":{"Display":"Likely"},"5":{"Display":"Very likely"}},"ChoiceOrder":[1,2,3,4,5],"Validation":{"Settings":{"ForceResponse":"ON","ForceResponseType":"ON","Type":"None"}},"GradingData":[],"Language":[],"NextChoiceId":6,"NextAnswerId":1,"QuestionID":"QID5"}},{"SurveyID":"SV_emv3zD3J6tcT6J0","Element":"SQ","PrimaryAttribute":"QID3","SecondaryAttribute":"How much do you trust the chatbot based on your interaction?","TertiaryAttribute":null,"Payload":{"QuestionText":"How much do you trust the chatbot based on your interaction?","DefaultChoices":false,"DataExportTag":"Q3","QuestionType":"MC","Selector":"SAVR","SubSelector":"TX","DataVisibility":{"Private":false,"Hidden":false},"Configuration":{"QuestionDescriptionOption":"UseText","Autoscale":{"YScale":{"Name":"noneAll","Type":"likert","Reverse":false}}},"QuestionDescription":"How much do you trust the chatbot based on your interaction?","Choices":{"1":{"Display":"None at all"},"2":{"Display":"A little"},"3":{"Display":"A moderate amount"},"4":{"Display":"A lot"},"5":{"Display":"A great deal"}},"ChoiceOrder":[1,2,3,4,5],"Validation":{"Settings":{"ForceResponse":"ON","ForceResponseType":"ON","Type":"None"}},"GradingData":[],"Language":[],"NextChoiceId":6,"NextAnswerId":1,"QuestionID":"QID3"}},{"SurveyID":"SV_emv3zD3J6tcT6J0","Element":"SQ","PrimaryAttribute":"QID1","SecondaryAttribute":"How would you rate the caring nature of the chatbot during your interaction?","TertiaryAttribute":null,"Payload":{"QuestionText":"How would you rate the caring nature of the chatbot during your interaction?","DataExportTag":"Q1","QuestionType":"MC","Selector":"SAVR","SubSelector":"TX","DataVisibility":{"Private":false,"Hidden":false},"Configuration":{"QuestionDescriptionOption":"UseText"},"QuestionDescription":"How would you rate the caring nature of the chatbot during your interaction?","Choices":{"1":{"Display":"Not caring at all"},"2":{"Display":"Slightly caring"},"3":{"Display":"Moderately caring"},"4":{"Display":"Caring"},"5":{"Display":"Very caring"}},"ChoiceOrder":[1,2,3,4,5],"Validation":{"Settings":{"ForceResponse":"ON","ForceResponseType":"ON","Type":"None"}},"Language":[],"NextChoiceId":6,"NextAnswerId":1,"QuestionID":"QID1"}},{"SurveyID":"SV_emv3zD3J6tcT6J0","Element":"SQ","PrimaryAttribute":"QID7","SecondaryAttribute":"Is there anything else you want to share about your experience with this chatbot?","TertiaryAttribute":null,"Payload":{"QuestionText":"Is there anything else you want to share about your experience with this chatbot?","DefaultChoices":false,"DataExportTag":"Q7","QuestionType":"TE","Selector":"ML","DataVisibility":{"Private":false,"Hidden":false},"Configuration":{"QuestionDescriptionOption":"UseText"},"QuestionDescription":"Is there anything else you want to share about your experience with this chatbot?","Validation":{"Settings":{"ForceResponse":"ON","ForceResponseType":"ON","Type":"AITextAnalysis","AITextAnalysis":{"Checks":[{"Type":"Partial","Messages":"default"},{"Type":"OverlyGeneralized","Messages":"default"},{"Type":"NonInsightful","Messages":"default"},{"Type":"InsufficientDetail","Messages":"default"},{"Type":"Gibberish","Messages":"default"}]}}},"GradingData":[],"Language":[],"NextChoiceId":4,"NextAnswerId":1,"SearchSource":{"AllowFreeResponse":"false"},"QuestionID":"QID7"}},{"SurveyID":"SV_emv3zD3J6tcT6J0","Element":"SQ","PrimaryAttribute":"QID6","SecondaryAttribute":"To what extent did you feel the chatbot was trying to influence your actions or decisions?","TertiaryAttribute":null,"Payload":{"QuestionText":"To what extent did you feel the chatbot was trying to influence your actions or decisions?","DefaultChoices":false,"DataExportTag":"Q6","QuestionType":"MC","Selector":"SAVR","SubSelector":"TX","DataVisibility":{"Private":false,"Hidden":false},"Configuration":{"QuestionDescriptionOption":"UseText"},"QuestionDescription":"To what extent did you feel the chatbot was trying to influence your actions or decisions?","Choices":{"1":{"Display":"Not at all"},"2":{"Display":"Slightly"},"3":{"Display":"Moderately"},"4":{"Display":"Very much"},"5":{"Display":"Completely"}},"ChoiceOrder":[1,2,3,4,5],"Validation":{"Settings":{"ForceResponse":"ON","ForceResponseType":"ON","Type":"None"}},"GradingData":[],"Language":[],"NextChoiceId":6,"NextAnswerId":1,"QuestionID":"QID6"}}]}