{"SurveyEntry":{"SurveyID":"SV_8upqVj1abPbOrz0","SurveyName":"Pre-Task","SurveyDescription":null,"SurveyOwnerID":"UR_1BVOjkoUhHUV53j","SurveyBrandID":"qfreeaccountssjc1","DivisionID":"DV_85JEoDyVrGAdPhj","SurveyLanguage":"EN-GB","SurveyActiveResponseSet":"RS_8q3KBjJOvlnWS7s","SurveyStatus":"Active","SurveyStartDate":"0000-00-00 00:00:00","SurveyExpirationDate":"0000-00-00 00:00:00","SurveyCreationDate":"2024-09-02 06:21:39","CreatorID":"UR_1BVOjkoUhHUV53j","LastModified":"2024-09-02 13:34:35","LastAccessed":"0000-00-00 00:00:00","LastActivated":"2024-09-02 13:34:35","Deleted":null},"SurveyElements":[{"SurveyID":"SV_8upqVj1abPbOrz0","Element":"BL","PrimaryAttribute":"Survey Blocks","SecondaryAttribute":null,"TertiaryAttribute":null,"Payload":[{"Type":"Default","Description":"Default Question Block","ID":"BL_4HInzGdIJJ1Bb70","BlockElements":[{"Type":"Question","QuestionID":"QID3"},{"Type":"Question","QuestionID":"QID4"},{"Type":"Question","QuestionID":"QID5"},{"Type":"Question","QuestionID":"QID6"},{"Type":"Question","QuestionID":"QID7"},{"Type":"Question","QuestionID":"QID8"},{"Type":"Question","QuestionID":"QID9"}]},{"Type":"Trash","Description":"Trash \/ Unused Questions","ID":"BL_4VicHEZiW7XLOUS","BlockElements":[{"Type":"Question","QuestionID":"QID12"},{"Type":"Question","QuestionID":"QID11"}]}]},{"SurveyID":"SV_8upqVj1abPbOrz0","Element":"FL","PrimaryAttribute":"Survey Flow","SecondaryAttribute":null,"TertiaryAttribute":null,"Payload":{"Type":"Root","FlowID":"FL_1","Flow":[{"Type":"BlockRandomizer","FlowID":"FL_4","SubSet":4,"EvenPresentation":true,"Flow":[{"Type":"EmbeddedData","FlowID":"FL_5","EmbeddedData":[{"Description":"TaskContext","Type":"Custom","Field":"TaskContext","VariableType":"String","DataVisibility":[],"AnalyzeText":false,"Value":"discussing health-related matters"}]},{"Type":"EmbeddedData","FlowID":"FL_6","EmbeddedData":[{"Description":"TaskContext","Type":"Custom","Field":"TaskContext","VariableType":"String","DataVisibility":[],"AnalyzeText":false,"Value":"discussing personal challenges"}]},{"Type":"EmbeddedData","FlowID":"FL_7","EmbeddedData":[{"Description":"TaskContext","Type":"Custom","Field":"TaskContext","VariableType":"String","DataVisibility":[],"AnalyzeText":false,"Value":"discussing shopping preferences"}]},{"Type":"EmbeddedData","FlowID":"FL_8","EmbeddedData":[{"Description":"TaskContext","Type":"Custom","Field":"TaskContext","VariableType":"String","DataVisibility":[],"AnalyzeText":false,"Value":"having a general conversation"}]}]},{"Type":"Block","ID":"BL_4HInzGdIJJ1Bb70","FlowID":"FL_2","Autofill":[]}],"Properties":{"Count":16}}},{"SurveyID":"SV_8upqVj1abPbOrz0","Element":"PL","PrimaryAttribute":"Preview Link","SecondaryAttribute":null,"TertiaryAttribute":null,"Payload":{"PreviewType":"Brand","PreviewID":"ff58f613-bee4-43e6-b5e8-88959549ebd3"}},{"SurveyID":"SV_8upqVj1abPbOrz0","Element":"SO","PrimaryAttribute":"Survey Options","SecondaryAttribute":null,"TertiaryAttribute":null,"Payload":{"BackButton":"false","SaveAndContinue":"true","SurveyProtection":"PublicSurvey","BallotBoxStuffingPrevention":"false","NoIndex":"Yes","SecureResponseFiles":"true","SurveyExpiration":"None","SurveyTermination":"DefaultMessage","Header":"","Footer":"","ProgressBarDisplay":"None","PartialData":"+1 week","ValidationMessage":null,"PreviousButton":"","NextButton":"","SurveyTitle":"Qualtrics Survey | Qualtrics Experience Management","SkinLibrary":"qfreeaccountssjc1","SkinType":"component","Skin":{"brandingId":null,"templateId":"*simple","overrides":null},"NewScoring":1,"SurveyMetaDescription":"The most powerful, simple and trusted way to gather experience data. Start your journey to experience management and try a free account today.","EOSMessage":null,"ShowExportTags":"true","CollectGeoLocation":"false","PasswordProtection":"No","AnonymizeResponse":"No","RefererCheck":"No","UseCustomSurveyLinkCompletedMessage":null,"SurveyLinkCompletedMessage":null,"SurveyLinkCompletedMessageLibrary":null,"ResponseSummary":"No","EOSMessageLibrary":null,"EOSRedirectURL":null,"EmailThankYou":"false","ThankYouEmailMessageLibrary":null,"ThankYouEmailMessage":null,"ValidateMessage":"false","ValidationMessageLibrary":null,"InactiveSurvey":null,"PartialDeletion":null,"PartialDataCloseAfter":"LastActivity","InactiveMessageLibrary":null,"InactiveMessage":null,"AvailableLanguages":{"EN-GB":[]},"CustomStyles":[]}},{"SurveyID":"SV_8upqVj1abPbOrz0","Element":"SCO","PrimaryAttribute":"Scoring","SecondaryAttribute":null,"TertiaryAttribute":null,"Payload":{"ScoringCategories":[],"ScoringCategoryGroups":[],"ScoringSummaryCategory":null,"ScoringSummaryAfterQuestions":0,"ScoringSummaryAfterSurvey":0,"DefaultScoringCategory":null,"AutoScoringCategory":null}},{"SurveyID":"SV_8upqVj1abPbOrz0","Element":"PROJ","PrimaryAttribute":"CORE","SecondaryAttribute":null,"TertiaryAttribute":"1.1.0","Payload":{"ProjectCategory":"CORE","SchemaVersion":"1.1.0"}},{"SurveyID":"SV_8upqVj1abPbOrz0","Element":"STAT","PrimaryAttribute":"Survey Statistics","SecondaryAttribute":null,"TertiaryAttribute":null,"Payload":{"MobileCompatible":true,"ID":"Survey Statistics"}},{"SurveyID":"SV_8upqVj1abPbOrz0","Element":"QC","PrimaryAttribute":"Survey Question Count","SecondaryAttribute":"12","TertiaryAttribute":null,"Payload":null},{"SurveyID":"SV_8upqVj1abPbOrz0","Element":"RS","PrimaryAttribute":"RS_8q3KBjJOvlnWS7s","SecondaryAttribute":"Default Response Set","TertiaryAttribute":null,"Payload":null},{"SurveyID":"SV_8upqVj1abPbOrz0","Element":"SQ","PrimaryAttribute":"QID4","SecondaryAttribute":"How comfortable do you feel ${e:\/\/Field\/TaskContext} with an AI chatbot?","TertiaryAttribute":null,"Payload":{"QuestionText":"How comfortable do you feel ${e:\/\/Field\/TaskContext} with an AI chatbot?","DefaultChoices":false,"DataExportTag":"Q2","QuestionType":"MC","Selector":"SAVR","SubSelector":"TX","DataVisibility":{"Private":false,"Hidden":false},"Configuration":{"QuestionDescriptionOption":"UseText","Autoscale":{"YScale":{"Name":"ComfortableUncomfortable","Type":"likert","Reverse":false}}},"QuestionDescription":"How comfortable do you feel ${e:\/\/Field\/TaskContext} with an AI chatbot?","Choices":{"1":{"Display":"Extremely uncomfortable"},"2":{"Display":"Somewhat uncomfortable"},"3":{"Display":"Neither comfortable nor uncomfortable"},"4":{"Display":"Somewhat comfortable"},"5":{"Display":"Extremely comfortable"}},"ChoiceOrder":[1,2,3,4,5],"Validation":{"Settings":{"ForceResponse":"ON","ForceResponseType":"ON","Type":"None"}},"GradingData":[],"Language":[],"NextChoiceId":6,"NextAnswerId":1,"QuestionID":"QID4"}},{"SurveyID":"SV_8upqVj1abPbOrz0","Element":"SQ","PrimaryAttribute":"QID11","SecondaryAttribute":"How comfortable do you feel discussing ${e:\/\/Field\/TaskContext} with an AI chatbot?","TertiaryAttribute":null,"Payload":{"QuestionText":"How comfortable do you feel discussing ${e:\/\/Field\/TaskContext} with an AI chatbot?","DefaultChoices":false,"DataExportTag":"Q8","QuestionType":"MC","Selector":"SAVR","SubSelector":"TX","DataVisibility":{"Private":false,"Hidden":false},"Configuration":{"QuestionDescriptionOption":"UseText","Autoscale":{"YScale":{"Name":"ComfortableUncomfortable","Type":"likert","Reverse":false}}},"QuestionDescription":"How comfortable do you feel discussing ${e:\/\/Field\/TaskContext} with an AI chatbot?","Choices":{"1":{"Display":"Extremely uncomfortable"},"2":{"Display":"Somewhat uncomfortable"},"3":{"Display":"Neither comfortable nor uncomfortable"},"4":{"Display":"Somewhat comfortable"},"5":{"Display":"Extremely comfortable"}},"ChoiceOrder":[1,2,3,4,5],"Validation":{"Settings":{"ForceResponse":"ON","ForceResponseType":"ON","Type":"None"}},"GradingData":[],"Language":[],"NextChoiceId":6,"NextAnswerId":1,"QuestionID":"QID11"}},{"SurveyID":"SV_8upqVj1abPbOrz0","Element":"SQ","PrimaryAttribute":"QID12","SecondaryAttribute":"How comfortable do you feel discussing ${e:\/\/Field\/TaskContext} with an AI chatbot?","TertiaryAttribute":null,"Payload":{"QuestionText":"How comfortable do you feel discussing ${e:\/\/Field\/TaskContext} with an AI chatbot?","DefaultChoices":false,"DataExportTag":"Q9","QuestionType":"MC","Selector":"SAVR","SubSelector":"TX","DataVisibility":{"Private":false,"Hidden":false},"Configuration":{"QuestionDescriptionOption":"UseText","Autoscale":{"YScale":{"Name":"ComfortableUncomfortable","Type":"likert","Reverse":false}}},"QuestionDescription":"How comfortable do you feel discussing ${e:\/\/Field\/TaskContext} with an AI chatbot?","Choices":{"1":{"Display":"Extremely uncomfortable"},"2":{"Display":"Somewhat uncomfortable"},"3":{"Display":"Neither comfortable nor uncomfortable"},"4":{"Display":"Somewhat comfortable"},"5":{"Display":"Extremely comfortable"}},"ChoiceOrder":[1,2,3,4,5],"Validation":{"Settings":{"ForceResponse":"ON","ForceResponseType":"ON","Type":"None"}},"GradingData":[],"Language":[],"NextChoiceId":6,"NextAnswerId":1,"QuestionID":"QID12"}},{"SurveyID":"SV_8upqVj1abPbOrz0","Element":"SQ","PrimaryAttribute":"QID8","SecondaryAttribute":"How do you think this interaction might differ from talking to a human?","TertiaryAttribute":null,"Payload":{"QuestionText":"How do you think this interaction might differ from talking to a human?","DefaultChoices":false,"DataExportTag":"Q6","QuestionType":"TE","Selector":"ML","DataVisibility":{"Private":false,"Hidden":false},"Configuration":{"QuestionDescriptionOption":"UseText"},"QuestionDescription":"How do you think this interaction might differ from talking to a human?","Validation":{"Settings":{"ForceResponse":"ON","ForceResponseType":"ON","Type":"AITextAnalysis","AITextAnalysis":{"Checks":[{"Type":"Partial","Messages":"default"},{"Type":"OverlyGeneralized","Messages":"default"},{"Type":"NonInsightful","Messages":"default"},{"Type":"InsufficientDetail","Messages":"default"},{"Type":"Gibberish","Messages":"default"}]}}},"GradingData":[],"Language":[],"NextChoiceId":4,"NextAnswerId":1,"SearchSource":{"AllowFreeResponse":"false"},"QuestionID":"QID8"}},{"SurveyID":"SV_8upqVj1abPbOrz0","Element":"SQ","PrimaryAttribute":"QID3","SecondaryAttribute":"How familiar are you with ${e:\/\/Field\/TaskContext}?","TertiaryAttribute":null,"Payload":{"QuestionText":"How familiar are you with ${e:\/\/Field\/TaskContext}?","DefaultChoices":false,"DataExportTag":"Q1","QuestionType":"MC","Selector":"SAVR","SubSelector":"TX","DataVisibility":{"Private":false,"Hidden":false},"Configuration":{"QuestionDescriptionOption":"UseText","Autoscale":{"YScale":{"Name":"familiar","Type":"likert","Reverse":false}}},"QuestionDescription":"How familiar are you with ${e:\/\/Field\/TaskContext}?","Choices":{"1":{"Display":"Not familiar at all"},"2":{"Display":"Slightly familiar"},"3":{"Display":"Moderately familiar"},"4":{"Display":"Very familiar"},"5":{"Display":"Extremely familiar"}},"ChoiceOrder":[1,2,3,4,5],"Validation":{"Settings":{"ForceResponse":"ON","ForceResponseType":"ON","Type":"None"}},"GradingData":[],"Language":[],"NextChoiceId":6,"NextAnswerId":1,"QuestionID":"QID3"}},{"SurveyID":"SV_8upqVj1abPbOrz0","Element":"SQ","PrimaryAttribute":"QID6","SecondaryAttribute":"How likely are you to trust advice from an AI chatbot in this context?","TertiaryAttribute":null,"Payload":{"QuestionText":"How likely are you to trust advice from an AI chatbot in this context?","DefaultChoices":false,"DataExportTag":"Q4","QuestionType":"MC","Selector":"SAVR","SubSelector":"TX","DataVisibility":{"Private":false,"Hidden":false},"Configuration":{"QuestionDescriptionOption":"UseText","Autoscale":{"YScale":{"Name":"likelyUnlikely","Type":"likert","Reverse":false}}},"QuestionDescription":"How likely are you to trust advice from an AI chatbot in this context?","Choices":{"1":{"Display":"Extremely unlikely"},"2":{"Display":"Somewhat unlikely"},"3":{"Display":"Neither likely nor unlikely"},"4":{"Display":"Somewhat likely"},"5":{"Display":"Extremely likely"}},"ChoiceOrder":[1,2,3,4,5],"Validation":{"Settings":{"ForceResponse":"ON","ForceResponseType":"ON","Type":"None"}},"GradingData":[],"Language":[],"NextChoiceId":6,"NextAnswerId":1,"QuestionID":"QID6","ChoiceGroups":{"cg_1":{"ChoiceGroupOrder":null,"GroupLabel":"Group","Options":[]}},"ChoiceGroupOrder":[1,2,3,4,5,"cg_1"]}},{"SurveyID":"SV_8upqVj1abPbOrz0","Element":"SQ","PrimaryAttribute":"QID7","SecondaryAttribute":"How much personal information are you willing to share in this interaction?","TertiaryAttribute":null,"Payload":{"QuestionText":"How much personal information are you willing to share in this interaction?","DefaultChoices":false,"DataExportTag":"Q5","QuestionType":"MC","Selector":"SAVR","SubSelector":"TX","DataVisibility":{"Private":false,"Hidden":false},"Configuration":{"QuestionDescriptionOption":"UseText"},"QuestionDescription":"How much personal information are you willing to share in this interaction?","Choices":{"1":{"Display":"None at all"},"2":{"Display":"Very little"},"3":{"Display":"Some"},"4":{"Display":"Quite a bit"},"5":{"Display":"As much as needed"}},"ChoiceOrder":[1,2,3,4,5],"Validation":{"Settings":{"ForceResponse":"ON","ForceResponseType":"ON","Type":"None"}},"GradingData":[],"Language":[],"NextChoiceId":6,"NextAnswerId":1,"QuestionID":"QID7"}},{"SurveyID":"SV_8upqVj1abPbOrz0","Element":"SQ","PrimaryAttribute":"QID5","SecondaryAttribute":"What are your expectations for this interaction?","TertiaryAttribute":null,"Payload":{"QuestionText":"What are your expectations for this interaction?","DefaultChoices":false,"DataExportTag":"Q3","QuestionType":"TE","Selector":"ESTB","DataVisibility":{"Private":false,"Hidden":false},"Configuration":{"QuestionDescriptionOption":"UseText"},"QuestionDescription":"What are your expectations for this interaction?","Validation":{"Settings":{"ForceResponse":"ON","ForceResponseType":"ON","Type":"AITextAnalysis","AITextAnalysis":{"Checks":[{"Type":"Partial","Messages":"default"},{"Type":"OverlyGeneralized","Messages":"default"},{"Type":"NonInsightful","Messages":"default"},{"Type":"InsufficientDetail","Messages":"default"},{"Type":"Gibberish","Messages":"default"}]}}},"GradingData":[],"Language":[],"NextChoiceId":4,"NextAnswerId":1,"SearchSource":{"AllowFreeResponse":"false"},"QuestionID":"QID5"}},{"SurveyID":"SV_8upqVj1abPbOrz0","Element":"SQ","PrimaryAttribute":"QID9","SecondaryAttribute":"What concerns, if any, do you have about this upcoming interaction?","TertiaryAttribute":null,"Payload":{"QuestionText":"What concerns, if any, do you have about this upcoming interaction?","DefaultChoices":false,"DataExportTag":"Q7","QuestionType":"TE","Selector":"ML","DataVisibility":{"Private":false,"Hidden":false},"Configuration":{"QuestionDescriptionOption":"UseText"},"QuestionDescription":"What concerns, if any, do you have about this upcoming interaction?","Validation":{"Settings":{"ForceResponse":"ON","ForceResponseType":"ON","Type":"AITextAnalysis","AITextAnalysis":{"Checks":[{"Type":"Partial","Messages":"default"},{"Type":"OverlyGeneralized","Messages":"default"},{"Type":"NonInsightful","Messages":"default"},{"Type":"InsufficientDetail","Messages":"default"},{"Type":"Gibberish","Messages":"default"}]}}},"GradingData":[],"Language":[],"NextChoiceId":4,"NextAnswerId":1,"SearchSource":{"AllowFreeResponse":"false"},"QuestionID":"QID9"}}]}